// !$*UTF8*$!
{
	archiveVersion = 1;
	classes = {
	};
	objectVersion = 51;
	objects = {

/* Begin PBXBuildFile section */
		843C36D2C40A246C4523E797 /* Pods_ListUserGithub.framework in Frameworks */ = {isa = PBXBuildFile; fileRef = 86B730E2CFF6938B7B5454E0 /* Pods_ListUserGithub.framework */; };
		A54BDBC72447336F00B3743D /* AppDelegate.swift in Sources */ = {isa = PBXBuildFile; fileRef = A54BDBC62447336F00B3743D /* AppDelegate.swift */; };
		A54BDBC92447336F00B3743D /* SceneDelegate.swift in Sources */ = {isa = PBXBuildFile; fileRef = A54BDBC82447336F00B3743D /* SceneDelegate.swift */; };
		A54BDBCB2447336F00B3743D /* ViewController.swift in Sources */ = {isa = PBXBuildFile; fileRef = A54BDBCA2447336F00B3743D /* ViewController.swift */; };
		A54BDBD32447337000B3743D /* LaunchScreen.storyboard in Resources */ = {isa = PBXBuildFile; fileRef = A54BDBD12447337000B3743D /* LaunchScreen.storyboard */; };
		A54BDBDB244738A000B3743D /* Main.storyboard in Resources */ = {isa = PBXBuildFile; fileRef = A54BDBDA244738A000B3743D /* Main.storyboard */; };
		A54F75A02448ADE1009097CD /* CustomCellUser.swift in Sources */ = {isa = PBXBuildFile; fileRef = A54F759F2448ADE1009097CD /* CustomCellUser.swift */; };
		A54F75A22448AFDA009097CD /* ViewControllerDetilUser.swift in Sources */ = {isa = PBXBuildFile; fileRef = A54F75A12448AFDA009097CD /* ViewControllerDetilUser.swift */; };
		A5F56E55247696F3003DCC88 /* UserRequest.swift in Sources */ = {isa = PBXBuildFile; fileRef = A5F56E53247696F3003DCC88 /* UserRequest.swift */; };
		A5F56E56247696F3003DCC88 /* UserGithub.swift in Sources */ = {isa = PBXBuildFile; fileRef = A5F56E54247696F3003DCC88 /* UserGithub.swift */; };
/* End PBXBuildFile section */

/* Begin PBXFileReference section */
		2D7E75891CD024A59E9603F7 /* Pods-ListUserGithub.release.xcconfig */ = {isa = PBXFileReference; includeInIndex = 1; lastKnownFileType = text.xcconfig; name = "Pods-ListUserGithub.release.xcconfig"; path = "Target Support Files/Pods-ListUserGithub/Pods-ListUserGithub.release.xcconfig"; sourceTree = "<group>"; };
		86B730E2CFF6938B7B5454E0 /* Pods_ListUserGithub.framework */ = {isa = PBXFileReference; explicitFileType = wrapper.framework; includeInIndex = 0; path = Pods_ListUserGithub.framework; sourceTree = BUILT_PRODUCTS_DIR; };
		980D949833CA1DA600DE2B29 /* Pods-ListUserGithub.debug.xcconfig */ = {isa = PBXFileReference; includeInIndex = 1; lastKnownFileType = text.xcconfig; name = "Pods-ListUserGithub.debug.xcconfig"; path = "Target Support Files/Pods-ListUserGithub/Pods-ListUserGithub.debug.xcconfig"; sourceTree = "<group>"; };
		A54BDBC32447336F00B3743D /* ListUserGithub.app */ = {isa = PBXFileReference; explicitFileType = wrapper.application; includeInIndex = 0; path = ListUserGithub.app; sourceTree = BUILT_PRODUCTS_DIR; };
		A54BDBC62447336F00B3743D /* AppDelegate.swift */ = {isa = PBXFileReference; lastKnownFileType = sourcecode.swift; path = AppDelegate.swift; sourceTree = "<group>"; };
		A54BDBC82447336F00B3743D /* SceneDelegate.swift */ = {isa = PBXFileReference; lastKnownFileType = sourcecode.swift; path = SceneDelegate.swift; sourceTree = "<group>"; };
		A54BDBCA2447336F00B3743D /* ViewController.swift */ = {isa = PBXFileReference; lastKnownFileType = sourcecode.swift; path = ViewController.swift; sourceTree = "<group>"; };
		A54BDBD22447337000B3743D /* Base */ = {isa = PBXFileReference; lastKnownFileType = file.storyboard; name = Base; path = Base.lproj/LaunchScreen.storyboard; sourceTree = "<group>"; };
		A54BDBD42447337000B3743D /* Info.plist */ = {isa = PBXFileReference; lastKnownFileType = text.plist.xml; path = Info.plist; sourceTree = "<group>"; };
		A54BDBDA244738A000B3743D /* Main.storyboard */ = {isa = PBXFileReference; lastKnownFileType = file.storyboard; path = Main.storyboard; sourceTree = "<group>"; };
		A54F759F2448ADE1009097CD /* CustomCellUser.swift */ = {isa = PBXFileReference; lastKnownFileType = sourcecode.swift; path = CustomCellUser.swift; sourceTree = "<group>"; };
		A54F75A12448AFDA009097CD /* ViewControllerDetilUser.swift */ = {isa = PBXFileReference; lastKnownFileType = sourcecode.swift; path = ViewControllerDetilUser.swift; sourceTree = "<group>"; };
		A5F56E53247696F3003DCC88 /* UserRequest.swift */ = {isa = PBXFileReference; fileEncoding = 4; lastKnownFileType = sourcecode.swift; path = UserRequest.swift; sourceTree = "<group>"; };
		A5F56E54247696F3003DCC88 /* UserGithub.swift */ = {isa = PBXFileReference; fileEncoding = 4; lastKnownFileType = sourcecode.swift; path = UserGithub.swift; sourceTree = "<group>"; };
/* End PBXFileReference section */

/* Begin PBXFrameworksBuildPhase section */
		A54BDBC02447336F00B3743D /* Frameworks */ = {
			isa = PBXFrameworksBuildPhase;
			buildActionMask = 2147483647;
			files = (
				843C36D2C40A246C4523E797 /* Pods_ListUserGithub.framework in Frameworks */,
			);
			runOnlyForDeploymentPostprocessing = 0;
		};
/* End PBXFrameworksBuildPhase section */

/* Begin PBXGroup section */
		4ACAC834D10A011901FBD181 /* Frameworks */ = {
			isa = PBXGroup;
			children = (
				86B730E2CFF6938B7B5454E0 /* Pods_ListUserGithub.framework */,
			);
			name = Frameworks;
			sourceTree = "<group>";
		};
		A54BDBBA2447336F00B3743D = {
			isa = PBXGroup;
			children = (
				A54BDBC52447336F00B3743D /* ListUserGithub */,
				A54BDBC42447336F00B3743D /* Products */,
				EA7F6F7AAB3B03690592CAFB /* Pods */,
				4ACAC834D10A011901FBD181 /* Frameworks */,
			);
			sourceTree = "<group>";
		};
		A54BDBC42447336F00B3743D /* Products */ = {
			isa = PBXGroup;
			children = (
				A54BDBC32447336F00B3743D /* ListUserGithub.app */,
			);
			name = Products;
			sourceTree = "<group>";
		};
		A54BDBC52447336F00B3743D /* ListUserGithub */ = {
			isa = PBXGroup;
			children = (
				A54BDBC62447336F00B3743D /* AppDelegate.swift */,
				A54BDBC82447336F00B3743D /* SceneDelegate.swift */,
				A5F56E54247696F3003DCC88 /* UserGithub.swift */,
				A5F56E53247696F3003DCC88 /* UserRequest.swift */,
				A54F75A12448AFDA009097CD /* ViewControllerDetilUser.swift */,
				A54BDBCA2447336F00B3743D /* ViewController.swift */,
				A54F759F2448ADE1009097CD /* CustomCellUser.swift */,
				A54BDBD12447337000B3743D /* LaunchScreen.storyboard */,
				A54BDBDA244738A000B3743D /* Main.storyboard */,
				A54BDBD42447337000B3743D /* Info.plist */,
			);
			path = ListUserGithub;
			sourceTree = "<group>";
		};
		EA7F6F7AAB3B03690592CAFB /* Pods */ = {
			isa = PBXGroup;
			children = (
				980D949833CA1DA600DE2B29 /* Pods-ListUserGithub.debug.xcconfig */,
				2D7E75891CD024A59E9603F7 /* Pods-ListUserGithub.release.xcconfig */,
			);
			path = Pods;
			sourceTree = "<group>";
		};
/* End PBXGroup section */

/* Begin PBXNativeTarget section */
		A54BDBC22447336F00B3743D /* ListUserGithub */ = {
			isa = PBXNativeTarget;
			buildConfigurationList = A54BDBD72447337000B3743D /* Build configuration list for PBXNativeTarget "ListUserGithub" */;
			buildPhases = (
				58949AA0124196EAB01C5E8D /* [CP] Check Pods Manifest.lock */,
				A54BDBBF2447336F00B3743D /* Sources */,
				A54BDBC02447336F00B3743D /* Frameworks */,
				A54BDBC12447336F00B3743D /* Resources */,
				44C0A3D099F035E2DF62DC1A /* [CP] Embed Pods Frameworks */,
			);
			buildRules = (
			);
			dependencies = (
			);
			name = ListUserGithub;
			productName = ListUserGithub;
			productReference = A54BDBC32447336F00B3743D /* ListUserGithub.app */;
			productType = "com.apple.product-type.application";
		};
/* End PBXNativeTarget section */

/* Begin PBXProject section */
		A54BDBBB2447336F00B3743D /* Project object */ = {
			isa = PBXProject;
			attributes = {
				LastSwiftUpdateCheck = 1130;
				LastUpgradeCheck = 1130;
				ORGANIZATIONNAME = "Sebastian Golinski";
				TargetAttributes = {
					A54BDBC22447336F00B3743D = {
						CreatedOnToolsVersion = 11.3.1;
					};
				};
			};
			buildConfigurationList = A54BDBBE2447336F00B3743D /* Build configuration list for PBXProject "ListUserGithub" */;
			compatibilityVersion = "Xcode 9.3";
			developmentRegion = en;
			hasScannedForEncodings = 0;
			knownRegions = (
				en,
				Base,
			);
			mainGroup = A54BDBBA2447336F00B3743D;
			productRefGroup = A54BDBC42447336F00B3743D /* Products */;
			projectDirPath = "";
			projectRoot = "";
			targets = (
				A54BDBC22447336F00B3743D /* ListUserGithub */,
			);
		};
/* End PBXProject section */

/* Begin PBXResourcesBuildPhase section */
		A54BDBC12447336F00B3743D /* Resources */ = {
			isa = PBXResourcesBuildPhase;
			buildActionMask = 2147483647;
			files = (
				A54BDBDB244738A000B3743D /* Main.storyboard in Resources */,
				A54BDBD32447337000B3743D /* LaunchScreen.storyboard in Resources */,
			);
			runOnlyForDeploymentPostprocessing = 0;
		};
/* End PBXResourcesBuildPhase section */

/* Begin PBXShellScriptBuildPhase section */
		44C0A3D099F035E2DF62DC1A /* [CP] Embed Pods Frameworks */ = {
			isa = PBXShellScriptBuildPhase;
			buildActionMask = 2147483647;
			files = (
			);
			inputFileListPaths = (
				"${PODS_ROOT}/Target Support Files/Pods-ListUserGithub/Pods-ListUserGithub-frameworks-${CONFIGURATION}-input-files.xcfilelist",
			);
			name = "[CP] Embed Pods Frameworks";
			outputFileListPaths = (
				"${PODS_ROOT}/Target Support Files/Pods-ListUserGithub/Pods-ListUserGithub-frameworks-${CONFIGURATION}-output-files.xcfilelist",
			);
			runOnlyForDeploymentPostprocessing = 0;
			shellPath = /bin/sh;
			shellScript = "\"${PODS_ROOT}/Target Support Files/Pods-ListUserGithub/Pods-ListUserGithub-frameworks.sh\"\n";
			showEnvVarsInLog = 0;
		};
		58949AA0124196EAB01C5E8D /* [CP] Check Pods Manifest.lock */ = {
			isa = PBXShellScriptBuildPhase;
			buildActionMask = 2147483647;
			files = (
			);
			inputFileListPaths = (
			);
			inputPaths = (
				"${PODS_PODFILE_DIR_PATH}/Podfile.lock",
				"${PODS_ROOT}/Manifest.lock",
			);
			name = "[CP] Check Pods Manifest.lock";
			outputFileListPaths = (
			);
			outputPaths = (
				"$(DERIVED_FILE_DIR)/Pods-ListUserGithub-checkManifestLockResult.txt",
			);
			runOnlyForDeploymentPostprocessing = 0;
			shellPath = /bin/sh;
			shellScript = "diff \"${PODS_PODFILE_DIR_PATH}/Podfile.lock\" \"${PODS_ROOT}/Manifest.lock\" > /dev/null\nif [ $? != 0 ] ; then\n    # print error to STDERR\n    echo \"error: The sandbox is not in sync with the Podfile.lock. Run 'pod install' or update your CocoaPods installation.\" >&2\n    exit 1\nfi\n# This output is used by Xcode 'outputs' to avoid re-running this script phase.\necho \"SUCCESS\" > \"${SCRIPT_OUTPUT_FILE_0}\"\n";
			showEnvVarsInLog = 0;
		};
/* End PBXShellScriptBuildPhase section */

/* Begin PBXSourcesBuildPhase section */
		A54BDBBF2447336F00B3743D /* Sources */ = {
			isa = PBXSourcesBuildPhase;
			buildActionMask = 2147483647;
			files = (
				A54BDBCB2447336F00B3743D /* ViewController.swift in Sources */,
				A54F75A22448AFDA009097CD /* ViewControllerDetilUser.swift in Sources */,
				A54F75A02448ADE1009097CD /* CustomCellUser.swift in Sources */,
				A5F56E55247696F3003DCC88 /* UserRequest.swift in Sources */,
				A5F56E56247696F3003DCC88 /* UserGithub.swift in Sources */,
				A54BDBC72447336F00B3743D /* AppDelegate.swift in Sources */,
				A54BDBC92447336F00B3743D /* SceneDelegate.swift in Sources */,
			);
			runOnlyForDeploymentPostprocessing = 0;
		};
/* End PBXSourcesBuildPhase section */

/* Begin PBXVariantGroup section */
		A54BDBD12447337000B3743D /* LaunchScreen.storyboard */ = {
			isa = PBXVariantGroup;
			children = (
				A54BDBD22447337000B3743D /* Base */,
			);
			name = LaunchScreen.storyboard;
			sourceTree = "<group>";
		};
/* End PBXVariantGroup section */

/* Begin XCBuildConfiguration section */
		A54BDBD52447337000B3743D /* Debug */ = {
			isa = XCBuildConfiguration;
			buildSettings = {
				ALWAYS_SEARCH_USER_PATHS = NO;
				CLANG_ANALYZER_NONNULL = YES;
				CLANG_ANALYZER_NUMBER_OBJECT_CONVERSION = YES_AGGRESSIVE;
				CLANG_CXX_LANGUAGE_STANDARD = "gnu++14";
				CLANG_CXX_LIBRARY = "libc++";
				CLANG_ENABLE_MODULES = YES;
				CLANG_ENABLE_OBJC_ARC = YES;
				CLANG_ENABLE_OBJC_WEAK = YES;
				CLANG_WARN_BLOCK_CAPTURE_AUTORELEASING = YES;
				CLANG_WARN_BOOL_CONVERSION = YES;
				CLANG_WARN_COMMA = YES;
				CLANG_WARN_CONSTANT_CONVERSION = YES;
				CLANG_WARN_DEPRECATED_OBJC_IMPLEMENTATIONS = YES;
				CLANG_WARN_DIRECT_OBJC_ISA_USAGE = YES_ERROR;
				CLANG_WARN_DOCUMENTATION_COMMENTS = YES;
				CLANG_WARN_EMPTY_BODY = YES;
				CLANG_WARN_ENUM_CONVERSION = YES;
				CLANG_WARN_INFINITE_RECURSION = YES;
				CLANG_WARN_INT_CONVERSION = YES;
				CLANG_WARN_NON_LITERAL_NULL_CONVERSION = YES;
				CLANG_WARN_OBJC_IMPLICIT_RETAIN_SELF = YES;
				CLANG_WARN_OBJC_LITERAL_CONVERSION = YES;
				CLANG_WARN_OBJC_ROOT_CLASS = YES_ERROR;
				CLANG_WARN_RANGE_LOOP_ANALYSIS = YES;
				CLANG_WARN_STRICT_PROTOTYPES = YES;
				CLANG_WARN_SUSPICIOUS_MOVE = YES;
				CLANG_WARN_UNGUARDED_AVAILABILITY = YES_AGGRESSIVE;
				CLANG_WARN_UNREACHABLE_CODE = YES;
				CLANG_WARN__DUPLICATE_METHOD_MATCH = YES;
				COPY_PHASE_STRIP = NO;
				DEBUG_INFORMATION_FORMAT = dwarf;
				ENABLE_STRICT_OBJC_MSGSEND = YES;
				ENABLE_TESTABILITY = YES;
				GCC_C_LANGUAGE_STANDARD = gnu11;
				GCC_DYNAMIC_NO_PIC = NO;
				GCC_NO_COMMON_BLOCKS = YES;
				GCC_OPTIMIZATION_LEVEL = 0;
				GCC_PREPROCESSOR_DEFINITIONS = (
					"DEBUG=1",
					"$(inherited)",
				);
				GCC_WARN_64_TO_32_BIT_CONVERSION = YES;
				GCC_WARN_ABOUT_RETURN_TYPE = YES_ERROR;
				GCC_WARN_UNDECLARED_SELECTOR = YES;
				GCC_WARN_UNINITIALIZED_AUTOS = YES_AGGRESSIVE;
				GCC_WARN_UNUSED_FUNCTION = YES;
				GCC_WARN_UNUSED_VARIABLE = YES;
				IPHONEOS_DEPLOYMENT_TARGET = 13.2;
				MTL_ENABLE_DEBUG_INFO = INCLUDE_SOURCE;
				MTL_FAST_MATH = YES;
				ONLY_ACTIVE_ARCH = YES;
				SDKROOT = iphoneos;
				SWIFT_ACTIVE_COMPILATION_CONDITIONS = DEBUG;
				SWIFT_OPTIMIZATION_LEVEL = "-Onone";
			};
			name = Debug;
		};
		A54BDBD62447337000B3743D /* Release */ = {
			isa = XCBuildConfiguration;
			buildSettings = {
				ALWAYS_SEARCH_USER_PATHS = NO;
				CLANG_ANALYZER_NONNULL = YES;
				CLANG_ANALYZER_NUMBER_OBJECT_CONVERSION = YES_AGGRESSIVE;
				CLANG_CXX_LANGUAGE_STANDARD = "gnu++14";
				CLANG_CXX_LIBRARY = "libc++";
				CLANG_ENABLE_MODULES = YES;
				CLANG_ENABLE_OBJC_ARC = YES;
				CLANG_ENABLE_OBJC_WEAK = YES;
				CLANG_WARN_BLOCK_CAPTURE_AUTORELEASING = YES;
				CLANG_WARN_BOOL_CONVERSION = YES;
				CLANG_WARN_COMMA = YES;
				CLANG_WARN_CONSTANT_CONVERSION = YES;
				CLANG_WARN_DEPRECATED_OBJC_IMPLEMENTATIONS = YES;
				CLANG_WARN_DIRECT_OBJC_ISA_USAGE = YES_ERROR;
				CLANG_WARN_DOCUMENTATION_COMMENTS = YES;
				CLANG_WARN_EMPTY_BODY = YES;
				CLANG_WARN_ENUM_CONVERSION = YES;
				CLANG_WARN_INFINITE_RECURSION = YES;
				CLANG_WARN_INT_CONVERSION = YES;
				CLANG_WARN_NON_LITERAL_NULL_CONVERSION = YES;
				CLANG_WARN_OBJC_IMPLICIT_RETAIN_SELF = YES;
				CLANG_WARN_OBJC_LITERAL_CONVERSION = YES;
				CLANG_WARN_OBJC_ROOT_CLASS = YES_ERROR;
				CLANG_WARN_RANGE_LOOP_ANALYSIS = YES;
				CLANG_WARN_STRICT_PROTOTYPES = YES;
				CLANG_WARN_SUSPICIOUS_MOVE = YES;
				CLANG_WARN_UNGUARDED_AVAILABILITY = YES_AGGRESSIVE;
				CLANG_WARN_UNREACHABLE_CODE = YES;
				CLANG_WARN__DUPLICATE_METHOD_MATCH = YES;
				COPY_PHASE_STRIP = NO;
				DEBUG_INFORMATION_FORMAT = "dwarf-with-dsym";
				ENABLE_NS_ASSERTIONS = NO;
				ENABLE_STRICT_OBJC_MSGSEND = YES;
				GCC_C_LANGUAGE_STANDARD = gnu11;
				GCC_NO_COMMON_BLOCKS = YES;
				GCC_WARN_64_TO_32_BIT_CONVERSION = YES;
				GCC_WARN_ABOUT_RETURN_TYPE = YES_ERROR;
				GCC_WARN_UNDECLARED_SELECTOR = YES;
				GCC_WARN_UNINITIALIZED_AUTOS = YES_AGGRESSIVE;
				GCC_WARN_UNUSED_FUNCTION = YES;
				GCC_WARN_UNUSED_VARIABLE = YES;
				IPHONEOS_DEPLOYMENT_TARGET = 13.2;
				MTL_ENABLE_DEBUG_INFO = NO;
				MTL_FAST_MATH = YES;
				SDKROOT = iphoneos;
				SWIFT_COMPILATION_MODE = wholemodule;
				SWIFT_OPTIMIZATION_LEVEL = "-O";
				VALIDATE_PRODUCT = YES;
			};
			name = Release;
		};
		A54BDBD82447337000B3743D /* Debug */ = {
			isa = XCBuildConfiguration;
			baseConfigurationReference = 980D949833CA1DA600DE2B29 /* Pods-ListUserGithub.debug.xcconfig */;
			buildSettings = {
				ASSETCATALOG_COMPILER_APPICON_NAME = AppIcon;
				CODE_SIGN_STYLE = Automatic;
				DEVELOPMENT_TEAM = XR8RZ9393B;
				INFOPLIST_FILE = ListUserGithub/Info.plist;
				LD_RUNPATH_SEARCH_PATHS = (
					"$(inherited)",
					"@executable_path/Frameworks",
				);
				PRODUCT_BUNDLE_IDENTIFIER = sg.ListUserGithub;
				PRODUCT_NAME = "$(TARGET_NAME)";
				SWIFT_VERSION = 5.0;
				TARGETED_DEVICE_FAMILY = "1,2";
			};
			name = Debug;
		};
		A54BDBD92447337000B3743D /* Release */ = {
			isa = XCBuildConfiguration;
			baseConfigurationReference = 2D7E75891CD024A59E9603F7 /* Pods-ListUserGithub.release.xcconfig */;
			buildSettings = {
				ASSETCATALOG_COMPILER_APPICON_NAME = AppIcon;
				CODE_SIGN_STYLE = Automatic;
				DEVELOPMENT_TEAM = XR8RZ9393B;
				INFOPLIST_FILE = ListUserGithub/Info.plist;
				LD_RUNPATH_SEARCH_PATHS = (
					"$(inherited)",
					"@executable_path/Frameworks",
				);
				PRODUCT_BUNDLE_IDENTIFIER = sg.ListUserGithub;
				PRODUCT_NAME = "$(TARGET_NAME)";
				SWIFT_VERSION = 5.0;
				TARGETED_DEVICE_FAMILY = "1,2";
			};
			name = Release;
		};
/* End XCBuildConfiguration section */

/* Begin XCConfigurationList section */
		A54BDBBE2447336F00B3743D /* Build configuration list for PBXProject "ListUserGithub" */ = {
			isa = XCConfigurationList;
			buildConfigurations = (
				A54BDBD52447337000B3743D /* Debug */,
				A54BDBD62447337000B3743D /* Release */,
			);
			defaultConfigurationIsVisible = 0;
			defaultConfigurationName = Release;
		};
		A54BDBD72447337000B3743D /* Build configuration list for PBXNativeTarget "ListUserGithub" */ = {
			isa = XCConfigurationList;
			buildConfigurations = (
				A54BDBD82447337000B3743D /* Debug */,
				A54BDBD92447337000B3743D /* Release */,
			);
			defaultConfigurationIsVisible = 0;
			defaultConfigurationName = Release;
		};
/* End XCConfigurationList section */
	};
	rootObject = A54BDBBB2447336F00B3743D /* Project object */;
}
